
Microsoft Visual Studio Solution File, Format Version 12.00
# Visual Studio Version 16
VisualStudioVersion = 16.0.34931.43
MinimumVisualStudioVersion = 10.0.40219.1
Project("{FAE04EC0-301F-11D3-BF4B-00C04F79EFBC}") = "SimulatorFlights", "SimulatorFlights\SimulatorFlights.csproj", "{B4371981-19CA-4580-90ED-7283F5CFD5DF}"
EndProject
Global
	GlobalSection(SolutionConfigurationPlatforms) = preSolution
		Debug|Any CPU = Debug|Any CPU
		Release|Any CPU = Release|Any CPU
	EndGlobalSection
	GlobalSection(ProjectConfigurationPlatforms) = postSolution
		{B4371981-19CA-4580-90ED-7283F5CFD5DF}.Debug|Any CPU.ActiveCfg = Debug|Any CPU
		{B4371981-19CA-4580-90ED-7283F5CFD5DF}.Debug|Any CPU.Build.0 = Debug|Any CPU
		{B4371981-19CA-4580-90ED-7283F5CFD5DF}.Release|Any CPU.ActiveCfg = Release|Any CPU
		{B4371981-19CA-4580-90ED-7283F5CFD5DF}.Release|Any CPU.Build.0 = Release|Any CPU
	EndGlobalSection
	GlobalSection(SolutionProperties) = preSolution
		HideSolutionNode = FALSE
	EndGlobalSection
	GlobalSection(ExtensibilityGlobals) = postSolution
		SolutionGuid = {2EB7CE03-4F9E-4932-97FE-243F61D6A9F6}
	EndGlobalSection
EndGlobal
